
Microsoft Visual Studio Solution File, Format Version 12.00
# Visual Studio Version 16
VisualStudioVersion = 16.0.30225.117
MinimumVisualStudioVersion = 10.0.40219.1
Project("{9A19103F-16F7-4668-BE54-9A1E7A4F7556}") = "Calabonga.Auth.Orders.Api", "Calabonga.Auth.Orders.Api\Calabonga.Auth.Orders.Api.csproj", "{6EA79A81-F51E-4141-BD7D-66D34F080553}"
EndProject
Project("{9A19103F-16F7-4668-BE54-9A1E7A4F7556}") = "Calabonga.Auth.Users.Api", "Calabonga.Auth.Users.Api\Calabonga.Auth.Users.Api.csproj", "{C54F75EB-8C11-4802-808A-6028A4ED9E4E}"
EndProject
Project("{9A19103F-16F7-4668-BE54-9A1E7A4F7556}") = "Calabonga.Auth.IdentityServer", "Calabonga.Auth.IdentityServer\Calabonga.Auth.IdentityServer.csproj", "{015FDB56-A5CF-4BEE-A080-20B7D1B70486}"
EndProject
Project("{FAE04EC0-301F-11D3-BF4B-00C04F79EFBC}") = "Calabonga.Client.Mvc", "Calabonga.Client.Mvc\Calabonga.Client.Mvc.csproj", "{59C0FEC2-39D6-4D35-9288-098FC860FCEE}"
EndProject
Global
	GlobalSection(SolutionConfigurationPlatforms) = preSolution
		Debug|Any CPU = Debug|Any CPU
		Release|Any CPU = Release|Any CPU
	EndGlobalSection
	GlobalSection(ProjectConfigurationPlatforms) = postSolution
		{6EA79A81-F51E-4141-BD7D-66D34F080553}.Debug|Any CPU.ActiveCfg = Debug|Any CPU
		{6EA79A81-F51E-4141-BD7D-66D34F080553}.Debug|Any CPU.Build.0 = Debug|Any CPU
		{6EA79A81-F51E-4141-BD7D-66D34F080553}.Release|Any CPU.ActiveCfg = Release|Any CPU
		{6EA79A81-F51E-4141-BD7D-66D34F080553}.Release|Any CPU.Build.0 = Release|Any CPU
		{C54F75EB-8C11-4802-808A-6028A4ED9E4E}.Debug|Any CPU.ActiveCfg = Debug|Any CPU
		{C54F75EB-8C11-4802-808A-6028A4ED9E4E}.Debug|Any CPU.Build.0 = Debug|Any CPU
		{C54F75EB-8C11-4802-808A-6028A4ED9E4E}.Release|Any CPU.ActiveCfg = Release|Any CPU
		{C54F75EB-8C11-4802-808A-6028A4ED9E4E}.Release|Any CPU.Build.0 = Release|Any CPU
		{015FDB56-A5CF-4BEE-A080-20B7D1B70486}.Debug|Any CPU.ActiveCfg = Debug|Any CPU
		{015FDB56-A5CF-4BEE-A080-20B7D1B70486}.Debug|Any CPU.Build.0 = Debug|Any CPU
		{015FDB56-A5CF-4BEE-A080-20B7D1B70486}.Release|Any CPU.ActiveCfg = Release|Any CPU
		{015FDB56-A5CF-4BEE-A080-20B7D1B70486}.Release|Any CPU.Build.0 = Release|Any CPU
		{59C0FEC2-39D6-4D35-9288-098FC860FCEE}.Debug|Any CPU.ActiveCfg = Debug|Any CPU
		{59C0FEC2-39D6-4D35-9288-098FC860FCEE}.Debug|Any CPU.Build.0 = Debug|Any CPU
		{59C0FEC2-39D6-4D35-9288-098FC860FCEE}.Release|Any CPU.ActiveCfg = Release|Any CPU
		{59C0FEC2-39D6-4D35-9288-098FC860FCEE}.Release|Any CPU.Build.0 = Release|Any CPU
	EndGlobalSection
	GlobalSection(SolutionProperties) = preSolution
		HideSolutionNode = FALSE
	EndGlobalSection
	GlobalSection(ExtensibilityGlobals) = postSolution
		SolutionGuid = {56455F69-F6A7-4F3D-830E-991A6287571B}
	EndGlobalSection
EndGlobal
